
Microsoft Visual Studio Solution File, Format Version 12.00
Project("{F2A71F9B-5D33-465A-A702-920D77279786}") = "Git2Pdf.Cli", "src\Git2Pdf.Cli.fsproj", "{012C3C0B-9F1D-43A3-84C9-A365107BFD1B}"
EndProject
Project("{2150E333-8FDC-42A3-9474-1A3956D46DE8}") = "repo", "repo", "{0F42A31E-814E-4C9E-9D88-FBBF355F4D0E}"
	ProjectSection(SolutionItems) = preProject
		paket.dependencies = paket.dependencies
		README.md = README.md
		.config/dotnet-tools.json = .config/dotnet-tools.json
		.gitignore = .gitignore
		.editorconfig = .editorconfig
	EndProjectSection
EndProject
Global
	GlobalSection(SolutionConfigurationPlatforms) = preSolution
		Debug|Any CPU = Debug|Any CPU
		Release|Any CPU = Release|Any CPU
	EndGlobalSection
	GlobalSection(ProjectConfigurationPlatforms) = postSolution
		{012C3C0B-9F1D-43A3-84C9-A365107BFD1B}.Debug|Any CPU.ActiveCfg = Debug|Any CPU
		{012C3C0B-9F1D-43A3-84C9-A365107BFD1B}.Debug|Any CPU.Build.0 = Debug|Any CPU
		{012C3C0B-9F1D-43A3-84C9-A365107BFD1B}.Release|Any CPU.ActiveCfg = Release|Any CPU
		{012C3C0B-9F1D-43A3-84C9-A365107BFD1B}.Release|Any CPU.Build.0 = Release|Any CPU
	EndGlobalSection
	GlobalSection(NestedProjects) = preSolution
	EndGlobalSection
EndGlobal
